
Microsoft Visual Studio Solution File, Format Version 12.00
# Visual Studio Version 17
VisualStudioVersion = 17.0.31903.59
MinimumVisualStudioVersion = 10.0.40219.1
Project("{9A19103F-16F7-4668-BE54-9A1E7A4F7556}") = "ENG7.Domain", "ENG7.Domain\ENG7.Domain.csproj", "{C1C75503-C78B-4A01-96C3-8CC46E7714B7}"
EndProject
Project("{9A19103F-16F7-4668-BE54-9A1E7A4F7556}") = "ENG7.Infra.Data", "ENG7.Infra.Data\ENG7.Infra.Data.csproj", "{EB118283-A4CE-4969-AC9E-B7E5C976231B}"
EndProject
Project("{9A19103F-16F7-4668-BE54-9A1E7A4F7556}") = "ENG7.Infra.IOC", "ENG7.Infra.IOC\ENG7.Infra.IOC.csproj", "{06751ED8-A47C-48B5-BADB-DD65C122408C}"
EndProject
Project("{9A19103F-16F7-4668-BE54-9A1E7A4F7556}") = "ENG7.Application", "ENG7.Application\ENG7.Application.csproj", "{8F200C50-95C4-4D45-8EBE-075AAA696816}"
EndProject
Project("{9A19103F-16F7-4668-BE54-9A1E7A4F7556}") = "ENG7.Site", "ENG7.Site\ENG7.Site.csproj", "{255A31ED-E718-4B82-AB6D-A71907408058}"
EndProject
Global
	GlobalSection(SolutionConfigurationPlatforms) = preSolution
		Debug|Any CPU = Debug|Any CPU
		Release|Any CPU = Release|Any CPU
	EndGlobalSection
	GlobalSection(ProjectConfigurationPlatforms) = postSolution
		{C1C75503-C78B-4A01-96C3-8CC46E7714B7}.Debug|Any CPU.ActiveCfg = Debug|Any CPU
		{C1C75503-C78B-4A01-96C3-8CC46E7714B7}.Debug|Any CPU.Build.0 = Debug|Any CPU
		{C1C75503-C78B-4A01-96C3-8CC46E7714B7}.Release|Any CPU.ActiveCfg = Release|Any CPU
		{C1C75503-C78B-4A01-96C3-8CC46E7714B7}.Release|Any CPU.Build.0 = Release|Any CPU
		{EB118283-A4CE-4969-AC9E-B7E5C976231B}.Debug|Any CPU.ActiveCfg = Debug|Any CPU
		{EB118283-A4CE-4969-AC9E-B7E5C976231B}.Debug|Any CPU.Build.0 = Debug|Any CPU
		{EB118283-A4CE-4969-AC9E-B7E5C976231B}.Release|Any CPU.ActiveCfg = Release|Any CPU
		{EB118283-A4CE-4969-AC9E-B7E5C976231B}.Release|Any CPU.Build.0 = Release|Any CPU
		{06751ED8-A47C-48B5-BADB-DD65C122408C}.Debug|Any CPU.ActiveCfg = Debug|Any CPU
		{06751ED8-A47C-48B5-BADB-DD65C122408C}.Debug|Any CPU.Build.0 = Debug|Any CPU
		{06751ED8-A47C-48B5-BADB-DD65C122408C}.Release|Any CPU.ActiveCfg = Release|Any CPU
		{06751ED8-A47C-48B5-BADB-DD65C122408C}.Release|Any CPU.Build.0 = Release|Any CPU
		{8F200C50-95C4-4D45-8EBE-075AAA696816}.Debug|Any CPU.ActiveCfg = Debug|Any CPU
		{8F200C50-95C4-4D45-8EBE-075AAA696816}.Debug|Any CPU.Build.0 = Debug|Any CPU
		{8F200C50-95C4-4D45-8EBE-075AAA696816}.Release|Any CPU.ActiveCfg = Release|Any CPU
		{8F200C50-95C4-4D45-8EBE-075AAA696816}.Release|Any CPU.Build.0 = Release|Any CPU
		{255A31ED-E718-4B82-AB6D-A71907408058}.Debug|Any CPU.ActiveCfg = Debug|Any CPU
		{255A31ED-E718-4B82-AB6D-A71907408058}.Debug|Any CPU.Build.0 = Debug|Any CPU
		{255A31ED-E718-4B82-AB6D-A71907408058}.Release|Any CPU.ActiveCfg = Release|Any CPU
		{255A31ED-E718-4B82-AB6D-A71907408058}.Release|Any CPU.Build.0 = Release|Any CPU
	EndGlobalSection
	GlobalSection(SolutionProperties) = preSolution
		HideSolutionNode = FALSE
	EndGlobalSection
	GlobalSection(ExtensibilityGlobals) = postSolution
		SolutionGuid = {E17B8DEC-CD7B-4B76-A331-FF0365EFC697}
	EndGlobalSection
EndGlobal
